
Microsoft Visual Studio Solution File, Format Version 12.00
# Visual Studio Version 17
VisualStudioVersion = 17.0.31903.59
MinimumVisualStudioVersion = 10.0.40219.1
Project("{FAE04EC0-301F-11D3-BF4B-00C04F79EFBC}") = "WpfLab4", "WpfLab4\WpfLab4.csproj", "{326EA0FC-27C9-4B89-B20F-86FC70A82A03}"
EndProject
Global
	GlobalSection(SolutionConfigurationPlatforms) = preSolution
		Debug|Any CPU = Debug|Any CPU
		Release|Any CPU = Release|Any CPU
	EndGlobalSection
	GlobalSection(ProjectConfigurationPlatforms) = postSolution
		{326EA0FC-27C9-4B89-B20F-86FC70A82A03}.Debug|Any CPU.ActiveCfg = Debug|Any CPU
		{326EA0FC-27C9-4B89-B20F-86FC70A82A03}.Debug|Any CPU.Build.0 = Debug|Any CPU
		{326EA0FC-27C9-4B89-B20F-86FC70A82A03}.Release|Any CPU.ActiveCfg = Release|Any CPU
		{326EA0FC-27C9-4B89-B20F-86FC70A82A03}.Release|Any CPU.Build.0 = Release|Any CPU
	EndGlobalSection
	GlobalSection(SolutionProperties) = preSolution
		HideSolutionNode = FALSE
	EndGlobalSection
	GlobalSection(ExtensibilityGlobals) = postSolution
		SolutionGuid = {37B4880E-8F96-49E0-8BA5-803D00E3F54E}
	EndGlobalSection
EndGlobal
